
Microsoft Visual Studio Solution File, Format Version 12.00
# Visual Studio Version 17
VisualStudioVersion = 17.0.32014.148
MinimumVisualStudioVersion = 10.0.40219.1
Project("{FAE04EC0-301F-11D3-BF4B-00C04F79EFBC}") = "MultiChatTCP", "MultiChatTCP\MultiChatTCP.csproj", "{2E842EDC-7D40-44AC-83E7-A1D90104E74D}"
EndProject
Project("{FAE04EC0-301F-11D3-BF4B-00C04F79EFBC}") = "ChatServer", "ChatServer\ChatServer.csproj", "{EED83083-2AB9-4EC4-9B15-8F43320AFC83}"
EndProject
Global
	GlobalSection(SolutionConfigurationPlatforms) = preSolution
		Debug|Any CPU = Debug|Any CPU
		Release|Any CPU = Release|Any CPU
	EndGlobalSection
	GlobalSection(ProjectConfigurationPlatforms) = postSolution
		{2E842EDC-7D40-44AC-83E7-A1D90104E74D}.Debug|Any CPU.ActiveCfg = Debug|Any CPU
		{2E842EDC-7D40-44AC-83E7-A1D90104E74D}.Debug|Any CPU.Build.0 = Debug|Any CPU
		{2E842EDC-7D40-44AC-83E7-A1D90104E74D}.Release|Any CPU.ActiveCfg = Release|Any CPU
		{2E842EDC-7D40-44AC-83E7-A1D90104E74D}.Release|Any CPU.Build.0 = Release|Any CPU
		{EED83083-2AB9-4EC4-9B15-8F43320AFC83}.Debug|Any CPU.ActiveCfg = Debug|Any CPU
		{EED83083-2AB9-4EC4-9B15-8F43320AFC83}.Debug|Any CPU.Build.0 = Debug|Any CPU
		{EED83083-2AB9-4EC4-9B15-8F43320AFC83}.Release|Any CPU.ActiveCfg = Release|Any CPU
		{EED83083-2AB9-4EC4-9B15-8F43320AFC83}.Release|Any CPU.Build.0 = Release|Any CPU
	EndGlobalSection
	GlobalSection(SolutionProperties) = preSolution
		HideSolutionNode = FALSE
	EndGlobalSection
	GlobalSection(ExtensibilityGlobals) = postSolution
		SolutionGuid = {51D81BBB-107C-4267-A9E3-7FC06995E01B}
	EndGlobalSection
EndGlobal
